
Microsoft Visual Studio Solution File, Format Version 12.00
# Visual Studio Version 17
VisualStudioVersion = 17.7.34031.279
MinimumVisualStudioVersion = 10.0.40219.1
Project("{FAE04EC0-301F-11D3-BF4B-00C04F79EFBC}") = "dz8", "dz8\dz8.csproj", "{EA46370D-B020-4A38-A208-49F7280248B7}"
EndProject
Global
	GlobalSection(SolutionConfigurationPlatforms) = preSolution
		Debug|Any CPU = Debug|Any CPU
		Release|Any CPU = Release|Any CPU
	EndGlobalSection
	GlobalSection(ProjectConfigurationPlatforms) = postSolution
		{EA46370D-B020-4A38-A208-49F7280248B7}.Debug|Any CPU.ActiveCfg = Debug|Any CPU
		{EA46370D-B020-4A38-A208-49F7280248B7}.Debug|Any CPU.Build.0 = Debug|Any CPU
		{EA46370D-B020-4A38-A208-49F7280248B7}.Release|Any CPU.ActiveCfg = Release|Any CPU
		{EA46370D-B020-4A38-A208-49F7280248B7}.Release|Any CPU.Build.0 = Release|Any CPU
	EndGlobalSection
	GlobalSection(SolutionProperties) = preSolution
		HideSolutionNode = FALSE
	EndGlobalSection
	GlobalSection(ExtensibilityGlobals) = postSolution
		SolutionGuid = {5279D789-7575-417F-8A3D-F5C18D21E005}
	EndGlobalSection
EndGlobal
