
Microsoft Visual Studio Solution File, Format Version 12.00
# Visual Studio Version 17
VisualStudioVersion = 17.7.34031.279
MinimumVisualStudioVersion = 10.0.40219.1
Project("{FAE04EC0-301F-11D3-BF4B-00C04F79EFBC}") = "pr1609", "pr1609\pr1609.csproj", "{0BE87E92-4273-42FD-9797-A98EC4CD7E13}"
EndProject
Global
	GlobalSection(SolutionConfigurationPlatforms) = preSolution
		Debug|Any CPU = Debug|Any CPU
		Release|Any CPU = Release|Any CPU
	EndGlobalSection
	GlobalSection(ProjectConfigurationPlatforms) = postSolution
		{0BE87E92-4273-42FD-9797-A98EC4CD7E13}.Debug|Any CPU.ActiveCfg = Debug|Any CPU
		{0BE87E92-4273-42FD-9797-A98EC4CD7E13}.Debug|Any CPU.Build.0 = Debug|Any CPU
		{0BE87E92-4273-42FD-9797-A98EC4CD7E13}.Release|Any CPU.ActiveCfg = Release|Any CPU
		{0BE87E92-4273-42FD-9797-A98EC4CD7E13}.Release|Any CPU.Build.0 = Release|Any CPU
	EndGlobalSection
	GlobalSection(SolutionProperties) = preSolution
		HideSolutionNode = FALSE
	EndGlobalSection
	GlobalSection(ExtensibilityGlobals) = postSolution
		SolutionGuid = {10038328-1CD3-4581-8663-7F8B0423EE32}
	EndGlobalSection
EndGlobal
