
Microsoft Visual Studio Solution File, Format Version 12.00
# Visual Studio Version 17
VisualStudioVersion = 17.7.34031.279
MinimumVisualStudioVersion = 10.0.40219.1
Project("{FAE04EC0-301F-11D3-BF4B-00C04F79EFBC}") = "dz7zad3", "dz7zad3\dz7zad3.csproj", "{820A4DC4-1AC2-46C3-953E-9433BAC27D00}"
EndProject
Global
	GlobalSection(SolutionConfigurationPlatforms) = preSolution
		Debug|Any CPU = Debug|Any CPU
		Release|Any CPU = Release|Any CPU
	EndGlobalSection
	GlobalSection(ProjectConfigurationPlatforms) = postSolution
		{820A4DC4-1AC2-46C3-953E-9433BAC27D00}.Debug|Any CPU.ActiveCfg = Debug|Any CPU
		{820A4DC4-1AC2-46C3-953E-9433BAC27D00}.Debug|Any CPU.Build.0 = Debug|Any CPU
		{820A4DC4-1AC2-46C3-953E-9433BAC27D00}.Release|Any CPU.ActiveCfg = Release|Any CPU
		{820A4DC4-1AC2-46C3-953E-9433BAC27D00}.Release|Any CPU.Build.0 = Release|Any CPU
	EndGlobalSection
	GlobalSection(SolutionProperties) = preSolution
		HideSolutionNode = FALSE
	EndGlobalSection
	GlobalSection(ExtensibilityGlobals) = postSolution
		SolutionGuid = {9303694B-1B5B-4F32-80DD-B5092AEA91E5}
	EndGlobalSection
EndGlobal
