
Microsoft Visual Studio Solution File, Format Version 12.00
# Visual Studio Version 17
VisualStudioVersion = 17.7.34031.279
MinimumVisualStudioVersion = 10.0.40219.1
Project("{FAE04EC0-301F-11D3-BF4B-00C04F79EFBC}") = "praktika3009", "praktika3009\praktika3009.csproj", "{5DB6B7E6-7E22-4591-887F-BCB753DD1562}"
EndProject
Global
	GlobalSection(SolutionConfigurationPlatforms) = preSolution
		Debug|Any CPU = Debug|Any CPU
		Release|Any CPU = Release|Any CPU
	EndGlobalSection
	GlobalSection(ProjectConfigurationPlatforms) = postSolution
		{5DB6B7E6-7E22-4591-887F-BCB753DD1562}.Debug|Any CPU.ActiveCfg = Debug|Any CPU
		{5DB6B7E6-7E22-4591-887F-BCB753DD1562}.Debug|Any CPU.Build.0 = Debug|Any CPU
		{5DB6B7E6-7E22-4591-887F-BCB753DD1562}.Release|Any CPU.ActiveCfg = Release|Any CPU
		{5DB6B7E6-7E22-4591-887F-BCB753DD1562}.Release|Any CPU.Build.0 = Release|Any CPU
	EndGlobalSection
	GlobalSection(SolutionProperties) = preSolution
		HideSolutionNode = FALSE
	EndGlobalSection
	GlobalSection(ExtensibilityGlobals) = postSolution
		SolutionGuid = {7C3D6AB4-3814-44E9-A6C7-E3D79D61A160}
	EndGlobalSection
EndGlobal
