
Microsoft Visual Studio Solution File, Format Version 12.00
# Visual Studio Version 17
VisualStudioVersion = 17.7.34031.279
MinimumVisualStudioVersion = 10.0.40219.1
Project("{FAE04EC0-301F-11D3-BF4B-00C04F79EFBC}") = "dz3", "dz3\dz3.csproj", "{E713F44F-688D-4065-99BA-5F735FC85825}"
EndProject
Global
	GlobalSection(SolutionConfigurationPlatforms) = preSolution
		Debug|Any CPU = Debug|Any CPU
		Release|Any CPU = Release|Any CPU
	EndGlobalSection
	GlobalSection(ProjectConfigurationPlatforms) = postSolution
		{E713F44F-688D-4065-99BA-5F735FC85825}.Debug|Any CPU.ActiveCfg = Debug|Any CPU
		{E713F44F-688D-4065-99BA-5F735FC85825}.Debug|Any CPU.Build.0 = Debug|Any CPU
		{E713F44F-688D-4065-99BA-5F735FC85825}.Release|Any CPU.ActiveCfg = Release|Any CPU
		{E713F44F-688D-4065-99BA-5F735FC85825}.Release|Any CPU.Build.0 = Release|Any CPU
	EndGlobalSection
	GlobalSection(SolutionProperties) = preSolution
		HideSolutionNode = FALSE
	EndGlobalSection
	GlobalSection(ExtensibilityGlobals) = postSolution
		SolutionGuid = {AD522CD5-2385-4708-B0E9-0838143AB5D7}
	EndGlobalSection
EndGlobal
